{
  "name": "ajs-project",
  "version": "1.0.0",
  "lockfileVersion": 1,
  "requires": true,
  "dependencies": {
    "@vadim-likhachev/ajs": {
      "version": "1.0.0",
      "resolved": "https://npm.pkg.github.com/download/@vadim-likhachev/ajs/1.0.0/1b1459c0b0acf64d452a7cf64add7ed1b6adce68ed7f3cedc61e2dc611e2171f",
      "integrity": "sha512-Emp3onTQ3dgrJT40fE3dYxwMvJguPcU8Pa6JKPMT3DCIdCbpeOj7sfqUcKABEB4Eg2uyNHlMKtNv+o/IkHkNpw=="
    }
  }
}
